
Microsoft Visual Studio Solution File, Format Version 12.00
# Visual Studio Version 17
VisualStudioVersion = 17.14.36327.8
MinimumVisualStudioVersion = 10.0.40219.1
Project("{FAE04EC0-301F-11D3-BF4B-00C04F79EFBC}") = "AutoFilledIn", ".\AutoFilledIn.csproj", "{694253F4-774C-4F0D-B7D2-E922B3DB58CA}"
EndProject
Global
	GlobalSection(SolutionConfigurationPlatforms) = preSolution
		Debug|Any CPU = Debug|Any CPU
		Release|Any CPU = Release|Any CPU
	EndGlobalSection
	GlobalSection(ProjectConfigurationPlatforms) = postSolution
		{694253F4-774C-4F0D-B7D2-E922B3DB58CA}.Debug|Any CPU.ActiveCfg = Debug|Any CPU
		{694253F4-774C-4F0D-B7D2-E922B3DB58CA}.Debug|Any CPU.Build.0 = Debug|Any CPU
		{694253F4-774C-4F0D-B7D2-E922B3DB58CA}.Release|Any CPU.ActiveCfg = Release|Any CPU
		{694253F4-774C-4F0D-B7D2-E922B3DB58CA}.Release|Any CPU.Build.0 = Release|Any CPU
	EndGlobalSection
	GlobalSection(SolutionProperties) = preSolution
		HideSolutionNode = FALSE
	EndGlobalSection
	GlobalSection(ExtensibilityGlobals) = postSolution
		SolutionGuid = {1BFD640C-9817-4FE1-A5D1-82306DCA87E7}
	EndGlobalSection
EndGlobal
